
Microsoft Visual Studio Solution File, Format Version 12.00
# Visual Studio Version 17
VisualStudioVersion = 17.0.31903.59
MinimumVisualStudioVersion = 10.0.40219.1
Project("{2150E333-8FDC-42A3-9474-1A3956D46DE8}") = "Solution items", "Solution items", "{7B759344-464D-43AC-AB67-F2FC379E9058}"
	ProjectSection(SolutionItems) = preProject
		Directory.Packages.props = Directory.Packages.props
	EndProjectSection
EndProject
Project("{FAE04EC0-301F-11D3-BF4B-00C04F79EFBC}") = "Mint.Database", "Mint.Database\Mint.Database.csproj", "{A0F41602-D38F-40C5-B6A9-0DA4A70953A8}"
EndProject
Project("{FAE04EC0-301F-11D3-BF4B-00C04F79EFBC}") = "Mint.Common.Contracts", "Mint.Common.Contracts\Mint.Common.Contracts.csproj", "{F86B80DC-FB21-4827-BDD9-98B8A29CFCB9}"
EndProject
Project("{FAE04EC0-301F-11D3-BF4B-00C04F79EFBC}") = "Mint.UnitTests", "Mint.UnitTests\Mint.UnitTests.csproj", "{ED17099E-6BDD-4618-B8AA-CB3F240FF452}"
EndProject
Global
	GlobalSection(SolutionConfigurationPlatforms) = preSolution
		Debug|Any CPU = Debug|Any CPU
		Release|Any CPU = Release|Any CPU
	EndGlobalSection
	GlobalSection(SolutionProperties) = preSolution
		HideSolutionNode = FALSE
	EndGlobalSection
	GlobalSection(ProjectConfigurationPlatforms) = postSolution
		{A0F41602-D38F-40C5-B6A9-0DA4A70953A8}.Debug|Any CPU.ActiveCfg = Debug|Any CPU
		{A0F41602-D38F-40C5-B6A9-0DA4A70953A8}.Debug|Any CPU.Build.0 = Debug|Any CPU
		{A0F41602-D38F-40C5-B6A9-0DA4A70953A8}.Release|Any CPU.ActiveCfg = Release|Any CPU
		{A0F41602-D38F-40C5-B6A9-0DA4A70953A8}.Release|Any CPU.Build.0 = Release|Any CPU
		{F86B80DC-FB21-4827-BDD9-98B8A29CFCB9}.Debug|Any CPU.ActiveCfg = Debug|Any CPU
		{F86B80DC-FB21-4827-BDD9-98B8A29CFCB9}.Debug|Any CPU.Build.0 = Debug|Any CPU
		{F86B80DC-FB21-4827-BDD9-98B8A29CFCB9}.Release|Any CPU.ActiveCfg = Release|Any CPU
		{F86B80DC-FB21-4827-BDD9-98B8A29CFCB9}.Release|Any CPU.Build.0 = Release|Any CPU
		{ED17099E-6BDD-4618-B8AA-CB3F240FF452}.Debug|Any CPU.ActiveCfg = Debug|Any CPU
		{ED17099E-6BDD-4618-B8AA-CB3F240FF452}.Debug|Any CPU.Build.0 = Debug|Any CPU
		{ED17099E-6BDD-4618-B8AA-CB3F240FF452}.Release|Any CPU.ActiveCfg = Release|Any CPU
		{ED17099E-6BDD-4618-B8AA-CB3F240FF452}.Release|Any CPU.Build.0 = Release|Any CPU
	EndGlobalSection
EndGlobal
